
Microsoft Visual Studio Solution File, Format Version 12.00
# Visual Studio 15
Project("{FAE04EC0-301F-11D3-BF4B-00C04F79EFBC}") = "Unity.Timeline", "Unity.Timeline.csproj", "{695F9C9A-BF1C-E9C7-DA3A-97484D984B17}"
EndProject
Project("{FAE04EC0-301F-11D3-BF4B-00C04F79EFBC}") = "Unity.Timeline.Editor", "Unity.Timeline.Editor.csproj", "{67834046-FE14-7C5B-0EAB-667AB5437D70}"
EndProject
Project("{FAE04EC0-301F-11D3-BF4B-00C04F79EFBC}") = "Unity.ShaderGraph.Editor", "Unity.ShaderGraph.Editor.csproj", "{7C5DA529-1DC6-5938-EF4E-E792CF76D85A}"
EndProject
Project("{FAE04EC0-301F-11D3-BF4B-00C04F79EFBC}") = "Unity.TextMeshPro.Editor", "Unity.TextMeshPro.Editor.csproj", "{D85F8A9E-0FCC-232C-14C5-4CAAB8D09870}"
EndProject
Project("{FAE04EC0-301F-11D3-BF4B-00C04F79EFBC}") = "Unity.VisualScripting.Flow", "Unity.VisualScripting.Flow.csproj", "{A3520CEB-EB65-B42A-9DC3-71921F4F934E}"
EndProject
Project("{FAE04EC0-301F-11D3-BF4B-00C04F79EFBC}") = "UnityEditor.UI", "UnityEditor.UI.csproj", "{866C1392-A55F-D7C5-88FE-C845E1EF9BB0}"
EndProject
Project("{FAE04EC0-301F-11D3-BF4B-00C04F79EFBC}") = "Unity.PlasticSCM.Editor", "Unity.PlasticSCM.Editor.csproj", "{1BAADD71-4557-491C-D02D-5939A85A1139}"
EndProject
Project("{FAE04EC0-301F-11D3-BF4B-00C04F79EFBC}") = "Unity.RenderPipelines.Core.Runtime", "Unity.RenderPipelines.Core.Runtime.csproj", "{8381AF87-B110-8BA3-4D2E-3A9AE48951A2}"
EndProject
Project("{FAE04EC0-301F-11D3-BF4B-00C04F79EFBC}") = "Unity.VisualScripting.Core", "Unity.VisualScripting.Core.csproj", "{6D4800FA-3DA5-6A7F-CBBF-0DBA09048578}"
EndProject
Project("{FAE04EC0-301F-11D3-BF4B-00C04F79EFBC}") = "Unity.Animation.Rigging.Editor", "Unity.Animation.Rigging.Editor.csproj", "{25F11562-AB45-96B4-9596-3B90F5EED330}"
EndProject
Project("{FAE04EC0-301F-11D3-BF4B-00C04F79EFBC}") = "Unity.Mathematics", "Unity.Mathematics.csproj", "{A0FF339B-E395-A32D-557A-A2FA13ACF869}"
EndProject
Project("{FAE04EC0-301F-11D3-BF4B-00C04F79EFBC}") = "Unity.RenderPipelines.Core.Editor", "Unity.RenderPipelines.Core.Editor.csproj", "{3BC14899-DD64-D646-1C43-1D74CB091015}"
EndProject
Project("{FAE04EC0-301F-11D3-BF4B-00C04F79EFBC}") = "Unity.VisualScripting.Core.Editor", "Unity.VisualScripting.Core.Editor.csproj", "{79DE5F9F-0E26-3653-6F52-9298309F02B6}"
EndProject
Project("{FAE04EC0-301F-11D3-BF4B-00C04F79EFBC}") = "Unity.VisualScripting.Flow.Editor", "Unity.VisualScripting.Flow.Editor.csproj", "{5471BFD4-363B-1A7E-53C3-B882A08BE505}"
EndProject
Project("{FAE04EC0-301F-11D3-BF4B-00C04F79EFBC}") = "UnityEditor.TestRunner", "UnityEditor.TestRunner.csproj", "{5D3D4DBD-F0F4-AEF2-964A-B67AEF9D3B51}"
EndProject
Project("{FAE04EC0-301F-11D3-BF4B-00C04F79EFBC}") = "Autodesk.Fbx", "Autodesk.Fbx.csproj", "{9D013CA6-00A6-DF90-D185-3BD4D4C126B2}"
EndProject
Project("{FAE04EC0-301F-11D3-BF4B-00C04F79EFBC}") = "Unity.VisualScripting.SettingsProvider.Editor", "Unity.VisualScripting.SettingsProvider.Editor.csproj", "{186DE2FF-BF73-C69E-0D72-FA57C4D749CD}"
EndProject
Project("{FAE04EC0-301F-11D3-BF4B-00C04F79EFBC}") = "UnityEngine.TestRunner", "UnityEngine.TestRunner.csproj", "{06D4E26B-BC86-AB2D-5733-7807E3D19D2F}"
EndProject
Project("{FAE04EC0-301F-11D3-BF4B-00C04F79EFBC}") = "Unity.Searcher.Editor", "Unity.Searcher.Editor.csproj", "{CF3C5843-EAA5-38F3-6711-D8AC1D859DB9}"
EndProject
Project("{FAE04EC0-301F-11D3-BF4B-00C04F79EFBC}") = "Unity.Burst", "Unity.Burst.csproj", "{1E9ECCF5-CCFB-9FE5-2E2C-CEEE8CCDFC7B}"
EndProject
Project("{FAE04EC0-301F-11D3-BF4B-00C04F79EFBC}") = "UnityEngine.UI", "UnityEngine.UI.csproj", "{11481FE9-4FB2-8366-8E3E-D75FD79083CE}"
EndProject
Project("{FAE04EC0-301F-11D3-BF4B-00C04F79EFBC}") = "Unity.Animation.Rigging", "Unity.Animation.Rigging.csproj", "{C3E1AA11-512C-A090-88B7-ADBBE935F3D7}"
EndProject
Project("{FAE04EC0-301F-11D3-BF4B-00C04F79EFBC}") = "Unity.AI.Navigation.Editor", "Unity.AI.Navigation.Editor.csproj", "{71210A3A-19A9-DC5A-DF01-85E7CA56764C}"
EndProject
Project("{FAE04EC0-301F-11D3-BF4B-00C04F79EFBC}") = "Unity.VisualStudio.Editor", "Unity.VisualStudio.Editor.csproj", "{636B48B8-BF0F-82CE-12E5-0EFD142F0B4E}"
EndProject
Project("{FAE04EC0-301F-11D3-BF4B-00C04F79EFBC}") = "Unity.TestTools.CodeCoverage.Editor.OpenCover.Model", "Unity.TestTools.CodeCoverage.Editor.OpenCover.Model.csproj", "{AE03EEA8-6B82-BCED-9623-69CCC8CE55C6}"
EndProject
Project("{FAE04EC0-301F-11D3-BF4B-00C04F79EFBC}") = "Unity.Rider.Editor", "Unity.Rider.Editor.csproj", "{27802DC0-B7BF-5598-3381-0C56BAB87BF2}"
EndProject
Project("{FAE04EC0-301F-11D3-BF4B-00C04F79EFBC}") = "Unity.AI.Navigation", "Unity.AI.Navigation.csproj", "{B6877DDC-7AA1-4306-6968-53362D0E69A2}"
EndProject
Project("{FAE04EC0-301F-11D3-BF4B-00C04F79EFBC}") = "Unity.AI.Navigation.Editor.ConversionSystem", "Unity.AI.Navigation.Editor.ConversionSystem.csproj", "{827E0DB7-D2D2-57D6-8F84-6E18B8EC22BC}"
EndProject
Project("{FAE04EC0-301F-11D3-BF4B-00C04F79EFBC}") = "Unity.VisualScripting.State.Editor", "Unity.VisualScripting.State.Editor.csproj", "{81DA87A0-1388-4342-2A28-827D6C58BFB8}"
EndProject
Project("{FAE04EC0-301F-11D3-BF4B-00C04F79EFBC}") = "Unity.Formats.Fbx.Editor", "Unity.Formats.Fbx.Editor.csproj", "{7078A5D6-4703-3861-BB2A-E8564A3732D1}"
EndProject
Project("{FAE04EC0-301F-11D3-BF4B-00C04F79EFBC}") = "Unity.TestTools.CodeCoverage.Editor", "Unity.TestTools.CodeCoverage.Editor.csproj", "{D002BCFB-1B64-D07D-5A81-9EE4C758E716}"
EndProject
Project("{FAE04EC0-301F-11D3-BF4B-00C04F79EFBC}") = "Unity.Burst.CodeGen", "Unity.Burst.CodeGen.csproj", "{61D6B1D3-11B3-6F85-27D0-9191E0BF42E9}"
EndProject
Project("{FAE04EC0-301F-11D3-BF4B-00C04F79EFBC}") = "Unity.VisualScripting.State", "Unity.VisualScripting.State.csproj", "{2DCE9E1B-DAEE-46DA-1BD9-686BA197C039}"
EndProject
Project("{FAE04EC0-301F-11D3-BF4B-00C04F79EFBC}") = "Unity.Formats.Fbx.Runtime", "Unity.Formats.Fbx.Runtime.csproj", "{5DBA6617-07F4-018E-1F3D-E9ABEDD52A06}"
EndProject
Project("{FAE04EC0-301F-11D3-BF4B-00C04F79EFBC}") = "Unity.TextMeshPro", "Unity.TextMeshPro.csproj", "{C44CDB1D-4A31-585C-252B-2E770B9EA7D9}"
EndProject
Project("{FAE04EC0-301F-11D3-BF4B-00C04F79EFBC}") = "Unity.Performance.Profile-Analyzer.Editor", "Unity.Performance.Profile-Analyzer.Editor.csproj", "{AB1FAC8B-07DE-F7F8-52C2-F642947DB56D}"
EndProject
Project("{FAE04EC0-301F-11D3-BF4B-00C04F79EFBC}") = "Unity.VSCode.Editor", "Unity.VSCode.Editor.csproj", "{65BF3493-A61C-02BD-3207-B7E8477C9BB0}"
EndProject
Project("{FAE04EC0-301F-11D3-BF4B-00C04F79EFBC}") = "Unity.Animation.Rigging.DocCodeExamples", "Unity.Animation.Rigging.DocCodeExamples.csproj", "{F05EBFBC-0AB5-43CC-84AD-CE28EF678D17}"
EndProject
Project("{FAE04EC0-301F-11D3-BF4B-00C04F79EFBC}") = "Unity.Burst.Editor", "Unity.Burst.Editor.csproj", "{04172B50-8564-3206-7F79-0EA3500E5461}"
EndProject
Project("{FAE04EC0-301F-11D3-BF4B-00C04F79EFBC}") = "Unity.TestTools.CodeCoverage.Editor.OpenCover.Mono.Reflection", "Unity.TestTools.CodeCoverage.Editor.OpenCover.Mono.Reflection.csproj", "{4DF4B6B3-C375-D955-1561-8DDE76DB218B}"
EndProject
Project("{FAE04EC0-301F-11D3-BF4B-00C04F79EFBC}") = "Unity.Sysroot.Linux_x86_64", "Unity.Sysroot.Linux_x86_64.csproj", "{7E5291BA-035C-4398-67C9-2DB8DE0EA905}"
EndProject
Project("{FAE04EC0-301F-11D3-BF4B-00C04F79EFBC}") = "Unity.AI.Navigation.Updater", "Unity.AI.Navigation.Updater.csproj", "{B23F259C-6473-407F-1363-E25657190D22}"
EndProject
Project("{FAE04EC0-301F-11D3-BF4B-00C04F79EFBC}") = "Unity.Settings.Editor", "Unity.Settings.Editor.csproj", "{A81BC7B3-DE0D-B64D-F1E4-0F978761A6AF}"
EndProject
Project("{FAE04EC0-301F-11D3-BF4B-00C04F79EFBC}") = "Assembly-CSharp-Editor", "Assembly-CSharp-Editor.csproj", "{E9484364-A0AF-F90B-77ED-AADA72912602}"
EndProject
Project("{FAE04EC0-301F-11D3-BF4B-00C04F79EFBC}") = "Unity.ShaderGraph.Utilities", "Unity.ShaderGraph.Utilities.csproj", "{EA8B8C3D-93AC-D543-6FBF-0612D9BDDA1C}"
EndProject
Project("{FAE04EC0-301F-11D3-BF4B-00C04F79EFBC}") = "Unity.EditorCoroutines.Editor", "Unity.EditorCoroutines.Editor.csproj", "{8FEF0221-5298-59FD-9F0B-5BE7D09A34C4}"
EndProject
Project("{FAE04EC0-301F-11D3-BF4B-00C04F79EFBC}") = "Unity.Mathematics.Editor", "Unity.Mathematics.Editor.csproj", "{38C89A0F-6EA3-7D77-7483-1EBA636E8162}"
EndProject
Project("{FAE04EC0-301F-11D3-BF4B-00C04F79EFBC}") = "Unity.SysrootPackage.Editor", "Unity.SysrootPackage.Editor.csproj", "{49D54737-B3DA-1AE1-5623-AEECCFF5BC63}"
EndProject
Project("{FAE04EC0-301F-11D3-BF4B-00C04F79EFBC}") = "Unity.VisualScripting.Shared.Editor", "Unity.VisualScripting.Shared.Editor.csproj", "{2BC7751E-0E2B-3AFB-8E63-6FF8070029CC}"
EndProject
Project("{FAE04EC0-301F-11D3-BF4B-00C04F79EFBC}") = "Unity.Toolchain.Win-x86_64-Linux-x86_64", "Unity.Toolchain.Win-x86_64-Linux-x86_64.csproj", "{D8804872-88A8-068F-0739-6059328AF42F}"
EndProject
Project("{FAE04EC0-301F-11D3-BF4B-00C04F79EFBC}") = "Unity.CollabProxy.Editor", "Unity.CollabProxy.Editor.csproj", "{14C206D4-A24D-06A0-E796-CFD1F916AF7A}"
EndProject
Project("{FAE04EC0-301F-11D3-BF4B-00C04F79EFBC}") = "Unity.RenderPipelines.ShaderGraph.ShaderGraphLibrary", "Unity.RenderPipelines.ShaderGraph.ShaderGraphLibrary.csproj", "{B70CBF7B-9783-DC5E-DC26-250BD9593ED9}"
EndProject
Project("{FAE04EC0-301F-11D3-BF4B-00C04F79EFBC}") = "Unity.RenderPipelines.Core.ShaderLibrary", "Unity.RenderPipelines.Core.ShaderLibrary.csproj", "{66708CAE-0818-738A-234C-573882CD5918}"
EndProject
Project("{FAE04EC0-301F-11D3-BF4B-00C04F79EFBC}") = "Autodesk.Fbx.Editor", "Autodesk.Fbx.Editor.csproj", "{D600BD10-F47F-D587-2D30-635E9F01E6DD}"
EndProject
Project("{FAE04EC0-301F-11D3-BF4B-00C04F79EFBC}") = "FbxBuildTestAssets", "FbxBuildTestAssets.csproj", "{6D945201-56BA-7045-D16B-3ABC90DB01FF}"
EndProject
Global
	GlobalSection(SolutionConfigurationPlatforms) = preSolution
		Debug|Any CPU = Debug|Any CPU
		Release|Any CPU = Release|Any CPU
	EndGlobalSection
	GlobalSection(ProjectConfigurationPlatforms) = postSolution
		{695F9C9A-BF1C-E9C7-DA3A-97484D984B17}.Debug|Any CPU.ActiveCfg = Debug|Any CPU
		{695F9C9A-BF1C-E9C7-DA3A-97484D984B17}.Debug|Any CPU.Build.0 = Debug|Any CPU
		{695F9C9A-BF1C-E9C7-DA3A-97484D984B17}.Release|Any CPU.ActiveCfg = Release|Any CPU
		{695F9C9A-BF1C-E9C7-DA3A-97484D984B17}.Release|Any CPU.Build.0 = Release|Any CPU
		{67834046-FE14-7C5B-0EAB-667AB5437D70}.Debug|Any CPU.ActiveCfg = Debug|Any CPU
		{67834046-FE14-7C5B-0EAB-667AB5437D70}.Debug|Any CPU.Build.0 = Debug|Any CPU
		{67834046-FE14-7C5B-0EAB-667AB5437D70}.Release|Any CPU.ActiveCfg = Release|Any CPU
		{67834046-FE14-7C5B-0EAB-667AB5437D70}.Release|Any CPU.Build.0 = Release|Any CPU
		{7C5DA529-1DC6-5938-EF4E-E792CF76D85A}.Debug|Any CPU.ActiveCfg = Debug|Any CPU
		{7C5DA529-1DC6-5938-EF4E-E792CF76D85A}.Debug|Any CPU.Build.0 = Debug|Any CPU
		{7C5DA529-1DC6-5938-EF4E-E792CF76D85A}.Release|Any CPU.ActiveCfg = Release|Any CPU
		{7C5DA529-1DC6-5938-EF4E-E792CF76D85A}.Release|Any CPU.Build.0 = Release|Any CPU
		{D85F8A9E-0FCC-232C-14C5-4CAAB8D09870}.Debug|Any CPU.ActiveCfg = Debug|Any CPU
		{D85F8A9E-0FCC-232C-14C5-4CAAB8D09870}.Debug|Any CPU.Build.0 = Debug|Any CPU
		{D85F8A9E-0FCC-232C-14C5-4CAAB8D09870}.Release|Any CPU.ActiveCfg = Release|Any CPU
		{D85F8A9E-0FCC-232C-14C5-4CAAB8D09870}.Release|Any CPU.Build.0 = Release|Any CPU
		{A3520CEB-EB65-B42A-9DC3-71921F4F934E}.Debug|Any CPU.ActiveCfg = Debug|Any CPU
		{A3520CEB-EB65-B42A-9DC3-71921F4F934E}.Debug|Any CPU.Build.0 = Debug|Any CPU
		{A3520CEB-EB65-B42A-9DC3-71921F4F934E}.Release|Any CPU.ActiveCfg = Release|Any CPU
		{A3520CEB-EB65-B42A-9DC3-71921F4F934E}.Release|Any CPU.Build.0 = Release|Any CPU
		{866C1392-A55F-D7C5-88FE-C845E1EF9BB0}.Debug|Any CPU.ActiveCfg = Debug|Any CPU
		{866C1392-A55F-D7C5-88FE-C845E1EF9BB0}.Debug|Any CPU.Build.0 = Debug|Any CPU
		{866C1392-A55F-D7C5-88FE-C845E1EF9BB0}.Release|Any CPU.ActiveCfg = Release|Any CPU
		{866C1392-A55F-D7C5-88FE-C845E1EF9BB0}.Release|Any CPU.Build.0 = Release|Any CPU
		{1BAADD71-4557-491C-D02D-5939A85A1139}.Debug|Any CPU.ActiveCfg = Debug|Any CPU
		{1BAADD71-4557-491C-D02D-5939A85A1139}.Debug|Any CPU.Build.0 = Debug|Any CPU
		{1BAADD71-4557-491C-D02D-5939A85A1139}.Release|Any CPU.ActiveCfg = Release|Any CPU
		{1BAADD71-4557-491C-D02D-5939A85A1139}.Release|Any CPU.Build.0 = Release|Any CPU
		{8381AF87-B110-8BA3-4D2E-3A9AE48951A2}.Debug|Any CPU.ActiveCfg = Debug|Any CPU
		{8381AF87-B110-8BA3-4D2E-3A9AE48951A2}.Debug|Any CPU.Build.0 = Debug|Any CPU
		{8381AF87-B110-8BA3-4D2E-3A9AE48951A2}.Release|Any CPU.ActiveCfg = Release|Any CPU
		{8381AF87-B110-8BA3-4D2E-3A9AE48951A2}.Release|Any CPU.Build.0 = Release|Any CPU
		{6D4800FA-3DA5-6A7F-CBBF-0DBA09048578}.Debug|Any CPU.ActiveCfg = Debug|Any CPU
		{6D4800FA-3DA5-6A7F-CBBF-0DBA09048578}.Debug|Any CPU.Build.0 = Debug|Any CPU
		{6D4800FA-3DA5-6A7F-CBBF-0DBA09048578}.Release|Any CPU.ActiveCfg = Release|Any CPU
		{6D4800FA-3DA5-6A7F-CBBF-0DBA09048578}.Release|Any CPU.Build.0 = Release|Any CPU
		{25F11562-AB45-96B4-9596-3B90F5EED330}.Debug|Any CPU.ActiveCfg = Debug|Any CPU
		{25F11562-AB45-96B4-9596-3B90F5EED330}.Debug|Any CPU.Build.0 = Debug|Any CPU
		{25F11562-AB45-96B4-9596-3B90F5EED330}.Release|Any CPU.ActiveCfg = Release|Any CPU
		{25F11562-AB45-96B4-9596-3B90F5EED330}.Release|Any CPU.Build.0 = Release|Any CPU
		{A0FF339B-E395-A32D-557A-A2FA13ACF869}.Debug|Any CPU.ActiveCfg = Debug|Any CPU
		{A0FF339B-E395-A32D-557A-A2FA13ACF869}.Debug|Any CPU.Build.0 = Debug|Any CPU
		{A0FF339B-E395-A32D-557A-A2FA13ACF869}.Release|Any CPU.ActiveCfg = Release|Any CPU
		{A0FF339B-E395-A32D-557A-A2FA13ACF869}.Release|Any CPU.Build.0 = Release|Any CPU
		{3BC14899-DD64-D646-1C43-1D74CB091015}.Debug|Any CPU.ActiveCfg = Debug|Any CPU
		{3BC14899-DD64-D646-1C43-1D74CB091015}.Debug|Any CPU.Build.0 = Debug|Any CPU
		{3BC14899-DD64-D646-1C43-1D74CB091015}.Release|Any CPU.ActiveCfg = Release|Any CPU
		{3BC14899-DD64-D646-1C43-1D74CB091015}.Release|Any CPU.Build.0 = Release|Any CPU
		{79DE5F9F-0E26-3653-6F52-9298309F02B6}.Debug|Any CPU.ActiveCfg = Debug|Any CPU
		{79DE5F9F-0E26-3653-6F52-9298309F02B6}.Debug|Any CPU.Build.0 = Debug|Any CPU
		{79DE5F9F-0E26-3653-6F52-9298309F02B6}.Release|Any CPU.ActiveCfg = Release|Any CPU
		{79DE5F9F-0E26-3653-6F52-9298309F02B6}.Release|Any CPU.Build.0 = Release|Any CPU
		{5471BFD4-363B-1A7E-53C3-B882A08BE505}.Debug|Any CPU.ActiveCfg = Debug|Any CPU
		{5471BFD4-363B-1A7E-53C3-B882A08BE505}.Debug|Any CPU.Build.0 = Debug|Any CPU
		{5471BFD4-363B-1A7E-53C3-B882A08BE505}.Release|Any CPU.ActiveCfg = Release|Any CPU
		{5471BFD4-363B-1A7E-53C3-B882A08BE505}.Release|Any CPU.Build.0 = Release|Any CPU
		{5D3D4DBD-F0F4-AEF2-964A-B67AEF9D3B51}.Debug|Any CPU.ActiveCfg = Debug|Any CPU
		{5D3D4DBD-F0F4-AEF2-964A-B67AEF9D3B51}.Debug|Any CPU.Build.0 = Debug|Any CPU
		{5D3D4DBD-F0F4-AEF2-964A-B67AEF9D3B51}.Release|Any CPU.ActiveCfg = Release|Any CPU
		{5D3D4DBD-F0F4-AEF2-964A-B67AEF9D3B51}.Release|Any CPU.Build.0 = Release|Any CPU
		{9D013CA6-00A6-DF90-D185-3BD4D4C126B2}.Debug|Any CPU.ActiveCfg = Debug|Any CPU
		{9D013CA6-00A6-DF90-D185-3BD4D4C126B2}.Debug|Any CPU.Build.0 = Debug|Any CPU
		{9D013CA6-00A6-DF90-D185-3BD4D4C126B2}.Release|Any CPU.ActiveCfg = Release|Any CPU
		{9D013CA6-00A6-DF90-D185-3BD4D4C126B2}.Release|Any CPU.Build.0 = Release|Any CPU
		{186DE2FF-BF73-C69E-0D72-FA57C4D749CD}.Debug|Any CPU.ActiveCfg = Debug|Any CPU
		{186DE2FF-BF73-C69E-0D72-FA57C4D749CD}.Debug|Any CPU.Build.0 = Debug|Any CPU
		{186DE2FF-BF73-C69E-0D72-FA57C4D749CD}.Release|Any CPU.ActiveCfg = Release|Any CPU
		{186DE2FF-BF73-C69E-0D72-FA57C4D749CD}.Release|Any CPU.Build.0 = Release|Any CPU
		{06D4E26B-BC86-AB2D-5733-7807E3D19D2F}.Debug|Any CPU.ActiveCfg = Debug|Any CPU
		{06D4E26B-BC86-AB2D-5733-7807E3D19D2F}.Debug|Any CPU.Build.0 = Debug|Any CPU
		{06D4E26B-BC86-AB2D-5733-7807E3D19D2F}.Release|Any CPU.ActiveCfg = Release|Any CPU
		{06D4E26B-BC86-AB2D-5733-7807E3D19D2F}.Release|Any CPU.Build.0 = Release|Any CPU
		{CF3C5843-EAA5-38F3-6711-D8AC1D859DB9}.Debug|Any CPU.ActiveCfg = Debug|Any CPU
		{CF3C5843-EAA5-38F3-6711-D8AC1D859DB9}.Debug|Any CPU.Build.0 = Debug|Any CPU
		{CF3C5843-EAA5-38F3-6711-D8AC1D859DB9}.Release|Any CPU.ActiveCfg = Release|Any CPU
		{CF3C5843-EAA5-38F3-6711-D8AC1D859DB9}.Release|Any CPU.Build.0 = Release|Any CPU
		{1E9ECCF5-CCFB-9FE5-2E2C-CEEE8CCDFC7B}.Debug|Any CPU.ActiveCfg = Debug|Any CPU
		{1E9ECCF5-CCFB-9FE5-2E2C-CEEE8CCDFC7B}.Debug|Any CPU.Build.0 = Debug|Any CPU
		{1E9ECCF5-CCFB-9FE5-2E2C-CEEE8CCDFC7B}.Release|Any CPU.ActiveCfg = Release|Any CPU
		{1E9ECCF5-CCFB-9FE5-2E2C-CEEE8CCDFC7B}.Release|Any CPU.Build.0 = Release|Any CPU
		{11481FE9-4FB2-8366-8E3E-D75FD79083CE}.Debug|Any CPU.ActiveCfg = Debug|Any CPU
		{11481FE9-4FB2-8366-8E3E-D75FD79083CE}.Debug|Any CPU.Build.0 = Debug|Any CPU
		{11481FE9-4FB2-8366-8E3E-D75FD79083CE}.Release|Any CPU.ActiveCfg = Release|Any CPU
		{11481FE9-4FB2-8366-8E3E-D75FD79083CE}.Release|Any CPU.Build.0 = Release|Any CPU
		{C3E1AA11-512C-A090-88B7-ADBBE935F3D7}.Debug|Any CPU.ActiveCfg = Debug|Any CPU
		{C3E1AA11-512C-A090-88B7-ADBBE935F3D7}.Debug|Any CPU.Build.0 = Debug|Any CPU
		{C3E1AA11-512C-A090-88B7-ADBBE935F3D7}.Release|Any CPU.ActiveCfg = Release|Any CPU
		{C3E1AA11-512C-A090-88B7-ADBBE935F3D7}.Release|Any CPU.Build.0 = Release|Any CPU
		{71210A3A-19A9-DC5A-DF01-85E7CA56764C}.Debug|Any CPU.ActiveCfg = Debug|Any CPU
		{71210A3A-19A9-DC5A-DF01-85E7CA56764C}.Debug|Any CPU.Build.0 = Debug|Any CPU
		{71210A3A-19A9-DC5A-DF01-85E7CA56764C}.Release|Any CPU.ActiveCfg = Release|Any CPU
		{71210A3A-19A9-DC5A-DF01-85E7CA56764C}.Release|Any CPU.Build.0 = Release|Any CPU
		{636B48B8-BF0F-82CE-12E5-0EFD142F0B4E}.Debug|Any CPU.ActiveCfg = Debug|Any CPU
		{636B48B8-BF0F-82CE-12E5-0EFD142F0B4E}.Debug|Any CPU.Build.0 = Debug|Any CPU
		{636B48B8-BF0F-82CE-12E5-0EFD142F0B4E}.Release|Any CPU.ActiveCfg = Release|Any CPU
		{636B48B8-BF0F-82CE-12E5-0EFD142F0B4E}.Release|Any CPU.Build.0 = Release|Any CPU
		{AE03EEA8-6B82-BCED-9623-69CCC8CE55C6}.Debug|Any CPU.ActiveCfg = Debug|Any CPU
		{AE03EEA8-6B82-BCED-9623-69CCC8CE55C6}.Debug|Any CPU.Build.0 = Debug|Any CPU
		{AE03EEA8-6B82-BCED-9623-69CCC8CE55C6}.Release|Any CPU.ActiveCfg = Release|Any CPU
		{AE03EEA8-6B82-BCED-9623-69CCC8CE55C6}.Release|Any CPU.Build.0 = Release|Any CPU
		{27802DC0-B7BF-5598-3381-0C56BAB87BF2}.Debug|Any CPU.ActiveCfg = Debug|Any CPU
		{27802DC0-B7BF-5598-3381-0C56BAB87BF2}.Debug|Any CPU.Build.0 = Debug|Any CPU
		{27802DC0-B7BF-5598-3381-0C56BAB87BF2}.Release|Any CPU.ActiveCfg = Release|Any CPU
		{27802DC0-B7BF-5598-3381-0C56BAB87BF2}.Release|Any CPU.Build.0 = Release|Any CPU
		{B6877DDC-7AA1-4306-6968-53362D0E69A2}.Debug|Any CPU.ActiveCfg = Debug|Any CPU
		{B6877DDC-7AA1-4306-6968-53362D0E69A2}.Debug|Any CPU.Build.0 = Debug|Any CPU
		{B6877DDC-7AA1-4306-6968-53362D0E69A2}.Release|Any CPU.ActiveCfg = Release|Any CPU
		{B6877DDC-7AA1-4306-6968-53362D0E69A2}.Release|Any CPU.Build.0 = Release|Any CPU
		{827E0DB7-D2D2-57D6-8F84-6E18B8EC22BC}.Debug|Any CPU.ActiveCfg = Debug|Any CPU
		{827E0DB7-D2D2-57D6-8F84-6E18B8EC22BC}.Debug|Any CPU.Build.0 = Debug|Any CPU
		{827E0DB7-D2D2-57D6-8F84-6E18B8EC22BC}.Release|Any CPU.ActiveCfg = Release|Any CPU
		{827E0DB7-D2D2-57D6-8F84-6E18B8EC22BC}.Release|Any CPU.Build.0 = Release|Any CPU
		{81DA87A0-1388-4342-2A28-827D6C58BFB8}.Debug|Any CPU.ActiveCfg = Debug|Any CPU
		{81DA87A0-1388-4342-2A28-827D6C58BFB8}.Debug|Any CPU.Build.0 = Debug|Any CPU
		{81DA87A0-1388-4342-2A28-827D6C58BFB8}.Release|Any CPU.ActiveCfg = Release|Any CPU
		{81DA87A0-1388-4342-2A28-827D6C58BFB8}.Release|Any CPU.Build.0 = Release|Any CPU
		{7078A5D6-4703-3861-BB2A-E8564A3732D1}.Debug|Any CPU.ActiveCfg = Debug|Any CPU
		{7078A5D6-4703-3861-BB2A-E8564A3732D1}.Debug|Any CPU.Build.0 = Debug|Any CPU
		{7078A5D6-4703-3861-BB2A-E8564A3732D1}.Release|Any CPU.ActiveCfg = Release|Any CPU
		{7078A5D6-4703-3861-BB2A-E8564A3732D1}.Release|Any CPU.Build.0 = Release|Any CPU
		{D002BCFB-1B64-D07D-5A81-9EE4C758E716}.Debug|Any CPU.ActiveCfg = Debug|Any CPU
		{D002BCFB-1B64-D07D-5A81-9EE4C758E716}.Debug|Any CPU.Build.0 = Debug|Any CPU
		{D002BCFB-1B64-D07D-5A81-9EE4C758E716}.Release|Any CPU.ActiveCfg = Release|Any CPU
		{D002BCFB-1B64-D07D-5A81-9EE4C758E716}.Release|Any CPU.Build.0 = Release|Any CPU
		{61D6B1D3-11B3-6F85-27D0-9191E0BF42E9}.Debug|Any CPU.ActiveCfg = Debug|Any CPU
		{61D6B1D3-11B3-6F85-27D0-9191E0BF42E9}.Debug|Any CPU.Build.0 = Debug|Any CPU
		{61D6B1D3-11B3-6F85-27D0-9191E0BF42E9}.Release|Any CPU.ActiveCfg = Release|Any CPU
		{61D6B1D3-11B3-6F85-27D0-9191E0BF42E9}.Release|Any CPU.Build.0 = Release|Any CPU
		{2DCE9E1B-DAEE-46DA-1BD9-686BA197C039}.Debug|Any CPU.ActiveCfg = Debug|Any CPU
		{2DCE9E1B-DAEE-46DA-1BD9-686BA197C039}.Debug|Any CPU.Build.0 = Debug|Any CPU
		{2DCE9E1B-DAEE-46DA-1BD9-686BA197C039}.Release|Any CPU.ActiveCfg = Release|Any CPU
		{2DCE9E1B-DAEE-46DA-1BD9-686BA197C039}.Release|Any CPU.Build.0 = Release|Any CPU
		{5DBA6617-07F4-018E-1F3D-E9ABEDD52A06}.Debug|Any CPU.ActiveCfg = Debug|Any CPU
		{5DBA6617-07F4-018E-1F3D-E9ABEDD52A06}.Debug|Any CPU.Build.0 = Debug|Any CPU
		{5DBA6617-07F4-018E-1F3D-E9ABEDD52A06}.Release|Any CPU.ActiveCfg = Release|Any CPU
		{5DBA6617-07F4-018E-1F3D-E9ABEDD52A06}.Release|Any CPU.Build.0 = Release|Any CPU
		{C44CDB1D-4A31-585C-252B-2E770B9EA7D9}.Debug|Any CPU.ActiveCfg = Debug|Any CPU
		{C44CDB1D-4A31-585C-252B-2E770B9EA7D9}.Debug|Any CPU.Build.0 = Debug|Any CPU
		{C44CDB1D-4A31-585C-252B-2E770B9EA7D9}.Release|Any CPU.ActiveCfg = Release|Any CPU
		{C44CDB1D-4A31-585C-252B-2E770B9EA7D9}.Release|Any CPU.Build.0 = Release|Any CPU
		{AB1FAC8B-07DE-F7F8-52C2-F642947DB56D}.Debug|Any CPU.ActiveCfg = Debug|Any CPU
		{AB1FAC8B-07DE-F7F8-52C2-F642947DB56D}.Debug|Any CPU.Build.0 = Debug|Any CPU
		{AB1FAC8B-07DE-F7F8-52C2-F642947DB56D}.Release|Any CPU.ActiveCfg = Release|Any CPU
		{AB1FAC8B-07DE-F7F8-52C2-F642947DB56D}.Release|Any CPU.Build.0 = Release|Any CPU
		{65BF3493-A61C-02BD-3207-B7E8477C9BB0}.Debug|Any CPU.ActiveCfg = Debug|Any CPU
		{65BF3493-A61C-02BD-3207-B7E8477C9BB0}.Debug|Any CPU.Build.0 = Debug|Any CPU
		{65BF3493-A61C-02BD-3207-B7E8477C9BB0}.Release|Any CPU.ActiveCfg = Release|Any CPU
		{65BF3493-A61C-02BD-3207-B7E8477C9BB0}.Release|Any CPU.Build.0 = Release|Any CPU
		{F05EBFBC-0AB5-43CC-84AD-CE28EF678D17}.Debug|Any CPU.ActiveCfg = Debug|Any CPU
		{F05EBFBC-0AB5-43CC-84AD-CE28EF678D17}.Debug|Any CPU.Build.0 = Debug|Any CPU
		{F05EBFBC-0AB5-43CC-84AD-CE28EF678D17}.Release|Any CPU.ActiveCfg = Release|Any CPU
		{F05EBFBC-0AB5-43CC-84AD-CE28EF678D17}.Release|Any CPU.Build.0 = Release|Any CPU
		{04172B50-8564-3206-7F79-0EA3500E5461}.Debug|Any CPU.ActiveCfg = Debug|Any CPU
		{04172B50-8564-3206-7F79-0EA3500E5461}.Debug|Any CPU.Build.0 = Debug|Any CPU
		{04172B50-8564-3206-7F79-0EA3500E5461}.Release|Any CPU.ActiveCfg = Release|Any CPU
		{04172B50-8564-3206-7F79-0EA3500E5461}.Release|Any CPU.Build.0 = Release|Any CPU
		{4DF4B6B3-C375-D955-1561-8DDE76DB218B}.Debug|Any CPU.ActiveCfg = Debug|Any CPU
		{4DF4B6B3-C375-D955-1561-8DDE76DB218B}.Debug|Any CPU.Build.0 = Debug|Any CPU
		{4DF4B6B3-C375-D955-1561-8DDE76DB218B}.Release|Any CPU.ActiveCfg = Release|Any CPU
		{4DF4B6B3-C375-D955-1561-8DDE76DB218B}.Release|Any CPU.Build.0 = Release|Any CPU
		{7E5291BA-035C-4398-67C9-2DB8DE0EA905}.Debug|Any CPU.ActiveCfg = Debug|Any CPU
		{7E5291BA-035C-4398-67C9-2DB8DE0EA905}.Debug|Any CPU.Build.0 = Debug|Any CPU
		{7E5291BA-035C-4398-67C9-2DB8DE0EA905}.Release|Any CPU.ActiveCfg = Release|Any CPU
		{7E5291BA-035C-4398-67C9-2DB8DE0EA905}.Release|Any CPU.Build.0 = Release|Any CPU
		{B23F259C-6473-407F-1363-E25657190D22}.Debug|Any CPU.ActiveCfg = Debug|Any CPU
		{B23F259C-6473-407F-1363-E25657190D22}.Debug|Any CPU.Build.0 = Debug|Any CPU
		{B23F259C-6473-407F-1363-E25657190D22}.Release|Any CPU.ActiveCfg = Release|Any CPU
		{B23F259C-6473-407F-1363-E25657190D22}.Release|Any CPU.Build.0 = Release|Any CPU
		{A81BC7B3-DE0D-B64D-F1E4-0F978761A6AF}.Debug|Any CPU.ActiveCfg = Debug|Any CPU
		{A81BC7B3-DE0D-B64D-F1E4-0F978761A6AF}.Debug|Any CPU.Build.0 = Debug|Any CPU
		{A81BC7B3-DE0D-B64D-F1E4-0F978761A6AF}.Release|Any CPU.ActiveCfg = Release|Any CPU
		{A81BC7B3-DE0D-B64D-F1E4-0F978761A6AF}.Release|Any CPU.Build.0 = Release|Any CPU
		{E9484364-A0AF-F90B-77ED-AADA72912602}.Debug|Any CPU.ActiveCfg = Debug|Any CPU
		{E9484364-A0AF-F90B-77ED-AADA72912602}.Debug|Any CPU.Build.0 = Debug|Any CPU
		{E9484364-A0AF-F90B-77ED-AADA72912602}.Release|Any CPU.ActiveCfg = Release|Any CPU
		{E9484364-A0AF-F90B-77ED-AADA72912602}.Release|Any CPU.Build.0 = Release|Any CPU
		{EA8B8C3D-93AC-D543-6FBF-0612D9BDDA1C}.Debug|Any CPU.ActiveCfg = Debug|Any CPU
		{EA8B8C3D-93AC-D543-6FBF-0612D9BDDA1C}.Debug|Any CPU.Build.0 = Debug|Any CPU
		{EA8B8C3D-93AC-D543-6FBF-0612D9BDDA1C}.Release|Any CPU.ActiveCfg = Release|Any CPU
		{EA8B8C3D-93AC-D543-6FBF-0612D9BDDA1C}.Release|Any CPU.Build.0 = Release|Any CPU
		{8FEF0221-5298-59FD-9F0B-5BE7D09A34C4}.Debug|Any CPU.ActiveCfg = Debug|Any CPU
		{8FEF0221-5298-59FD-9F0B-5BE7D09A34C4}.Debug|Any CPU.Build.0 = Debug|Any CPU
		{8FEF0221-5298-59FD-9F0B-5BE7D09A34C4}.Release|Any CPU.ActiveCfg = Release|Any CPU
		{8FEF0221-5298-59FD-9F0B-5BE7D09A34C4}.Release|Any CPU.Build.0 = Release|Any CPU
		{38C89A0F-6EA3-7D77-7483-1EBA636E8162}.Debug|Any CPU.ActiveCfg = Debug|Any CPU
		{38C89A0F-6EA3-7D77-7483-1EBA636E8162}.Debug|Any CPU.Build.0 = Debug|Any CPU
		{38C89A0F-6EA3-7D77-7483-1EBA636E8162}.Release|Any CPU.ActiveCfg = Release|Any CPU
		{38C89A0F-6EA3-7D77-7483-1EBA636E8162}.Release|Any CPU.Build.0 = Release|Any CPU
		{49D54737-B3DA-1AE1-5623-AEECCFF5BC63}.Debug|Any CPU.ActiveCfg = Debug|Any CPU
		{49D54737-B3DA-1AE1-5623-AEECCFF5BC63}.Debug|Any CPU.Build.0 = Debug|Any CPU
		{49D54737-B3DA-1AE1-5623-AEECCFF5BC63}.Release|Any CPU.ActiveCfg = Release|Any CPU
		{49D54737-B3DA-1AE1-5623-AEECCFF5BC63}.Release|Any CPU.Build.0 = Release|Any CPU
		{2BC7751E-0E2B-3AFB-8E63-6FF8070029CC}.Debug|Any CPU.ActiveCfg = Debug|Any CPU
		{2BC7751E-0E2B-3AFB-8E63-6FF8070029CC}.Debug|Any CPU.Build.0 = Debug|Any CPU
		{2BC7751E-0E2B-3AFB-8E63-6FF8070029CC}.Release|Any CPU.ActiveCfg = Release|Any CPU
		{2BC7751E-0E2B-3AFB-8E63-6FF8070029CC}.Release|Any CPU.Build.0 = Release|Any CPU
		{D8804872-88A8-068F-0739-6059328AF42F}.Debug|Any CPU.ActiveCfg = Debug|Any CPU
		{D8804872-88A8-068F-0739-6059328AF42F}.Debug|Any CPU.Build.0 = Debug|Any CPU
		{D8804872-88A8-068F-0739-6059328AF42F}.Release|Any CPU.ActiveCfg = Release|Any CPU
		{D8804872-88A8-068F-0739-6059328AF42F}.Release|Any CPU.Build.0 = Release|Any CPU
		{14C206D4-A24D-06A0-E796-CFD1F916AF7A}.Debug|Any CPU.ActiveCfg = Debug|Any CPU
		{14C206D4-A24D-06A0-E796-CFD1F916AF7A}.Debug|Any CPU.Build.0 = Debug|Any CPU
		{14C206D4-A24D-06A0-E796-CFD1F916AF7A}.Release|Any CPU.ActiveCfg = Release|Any CPU
		{14C206D4-A24D-06A0-E796-CFD1F916AF7A}.Release|Any CPU.Build.0 = Release|Any CPU
		{B70CBF7B-9783-DC5E-DC26-250BD9593ED9}.Debug|Any CPU.ActiveCfg = Debug|Any CPU
		{B70CBF7B-9783-DC5E-DC26-250BD9593ED9}.Debug|Any CPU.Build.0 = Debug|Any CPU
		{B70CBF7B-9783-DC5E-DC26-250BD9593ED9}.Release|Any CPU.ActiveCfg = Release|Any CPU
		{B70CBF7B-9783-DC5E-DC26-250BD9593ED9}.Release|Any CPU.Build.0 = Release|Any CPU
		{66708CAE-0818-738A-234C-573882CD5918}.Debug|Any CPU.ActiveCfg = Debug|Any CPU
		{66708CAE-0818-738A-234C-573882CD5918}.Debug|Any CPU.Build.0 = Debug|Any CPU
		{66708CAE-0818-738A-234C-573882CD5918}.Release|Any CPU.ActiveCfg = Release|Any CPU
		{66708CAE-0818-738A-234C-573882CD5918}.Release|Any CPU.Build.0 = Release|Any CPU
		{D600BD10-F47F-D587-2D30-635E9F01E6DD}.Debug|Any CPU.ActiveCfg = Debug|Any CPU
		{D600BD10-F47F-D587-2D30-635E9F01E6DD}.Debug|Any CPU.Build.0 = Debug|Any CPU
		{D600BD10-F47F-D587-2D30-635E9F01E6DD}.Release|Any CPU.ActiveCfg = Release|Any CPU
		{D600BD10-F47F-D587-2D30-635E9F01E6DD}.Release|Any CPU.Build.0 = Release|Any CPU
		{6D945201-56BA-7045-D16B-3ABC90DB01FF}.Debug|Any CPU.ActiveCfg = Debug|Any CPU
		{6D945201-56BA-7045-D16B-3ABC90DB01FF}.Debug|Any CPU.Build.0 = Debug|Any CPU
		{6D945201-56BA-7045-D16B-3ABC90DB01FF}.Release|Any CPU.ActiveCfg = Release|Any CPU
		{6D945201-56BA-7045-D16B-3ABC90DB01FF}.Release|Any CPU.Build.0 = Release|Any CPU
	EndGlobalSection
	GlobalSection(SolutionProperties) = preSolution
		HideSolutionNode = FALSE
	EndGlobalSection
EndGlobal
